
Microsoft Visual Studio Solution File, Format Version 12.00
# Visual Studio Version 16
VisualStudioVersion = 16.0.30503.244
MinimumVisualStudioVersion = 10.0.40219.1
Project("{FAE04EC0-301F-11D3-BF4B-00C04F79EFBC}") = "DsServices", "DsServices\DsServices.csproj", "{33A54987-919D-42E7-BF5E-0D69A89C392D}"
EndProject
Global
	GlobalSection(SolutionConfigurationPlatforms) = preSolution
		Debug|Any CPU = Debug|Any CPU
		Release|Any CPU = Release|Any CPU
	EndGlobalSection
	GlobalSection(ProjectConfigurationPlatforms) = postSolution
		{33A54987-919D-42E7-BF5E-0D69A89C392D}.Debug|Any CPU.ActiveCfg = Debug|Any CPU
		{33A54987-919D-42E7-BF5E-0D69A89C392D}.Debug|Any CPU.Build.0 = Debug|Any CPU
		{33A54987-919D-42E7-BF5E-0D69A89C392D}.Release|Any CPU.ActiveCfg = Release|Any CPU
		{33A54987-919D-42E7-BF5E-0D69A89C392D}.Release|Any CPU.Build.0 = Release|Any CPU
	EndGlobalSection
	GlobalSection(SolutionProperties) = preSolution
		HideSolutionNode = FALSE
	EndGlobalSection
	GlobalSection(ExtensibilityGlobals) = postSolution
		SolutionGuid = {573DA0DF-F85B-470B-8C7F-BF9FA5BBE1B5}
	EndGlobalSection
EndGlobal
